// !$*UTF8*$!
{
	archiveVersion = 1;
	classes = {
	};
	objectVersion = 50;
	objects = {

/* Begin PBXBuildFile section */
		085AE01C209941EA00DBA698 /* HttpClient.swift in Sources */ = {isa = PBXBuildFile; fileRef = 085AE01B209941EA00DBA698 /* HttpClient.swift */; };
		085AE01E2099420B00DBA698 /* HttpConstants+Udacity.swift in Sources */ = {isa = PBXBuildFile; fileRef = 085AE01D2099420B00DBA698 /* HttpConstants+Udacity.swift */; };
		085AE0222099428200DBA698 /* HttpClient+Udacity.swift in Sources */ = {isa = PBXBuildFile; fileRef = 085AE0212099428200DBA698 /* HttpClient+Udacity.swift */; };
		085AE025209945DD00DBA698 /* HttpConstants+Parse.swift in Sources */ = {isa = PBXBuildFile; fileRef = 085AE024209945DD00DBA698 /* HttpConstants+Parse.swift */; };
		085AE0272099976700DBA698 /* HttpErrors.swift in Sources */ = {isa = PBXBuildFile; fileRef = 085AE0262099976700DBA698 /* HttpErrors.swift */; };
		085AE0292099A15900DBA698 /* HttpConstants.swift in Sources */ = {isa = PBXBuildFile; fileRef = 085AE0282099A15900DBA698 /* HttpConstants.swift */; };
		08F5A9E520991E660098946D /* AppDelegate.swift in Sources */ = {isa = PBXBuildFile; fileRef = 08F5A9E420991E660098946D /* AppDelegate.swift */; };
		08F5A9E720991E660098946D /* LoginViewController.swift in Sources */ = {isa = PBXBuildFile; fileRef = 08F5A9E620991E660098946D /* LoginViewController.swift */; };
		08F5A9EA20991E660098946D /* Main.storyboard in Resources */ = {isa = PBXBuildFile; fileRef = 08F5A9E820991E660098946D /* Main.storyboard */; };
		08F5A9EC20991E670098946D /* Assets.xcassets in Resources */ = {isa = PBXBuildFile; fileRef = 08F5A9EB20991E670098946D /* Assets.xcassets */; };
		08F5A9EF20991E670098946D /* LaunchScreen.storyboard in Resources */ = {isa = PBXBuildFile; fileRef = 08F5A9ED20991E670098946D /* LaunchScreen.storyboard */; };
		08FE27A0209A88540099A103 /* UdacityConfig.swift in Sources */ = {isa = PBXBuildFile; fileRef = 08FE279F209A88540099A103 /* UdacityConfig.swift */; };
/* End PBXBuildFile section */

/* Begin PBXFileReference section */
		085AE01B209941EA00DBA698 /* HttpClient.swift */ = {isa = PBXFileReference; lastKnownFileType = sourcecode.swift; path = HttpClient.swift; sourceTree = "<group>"; };
		085AE01D2099420B00DBA698 /* HttpConstants+Udacity.swift */ = {isa = PBXFileReference; lastKnownFileType = sourcecode.swift; path = "HttpConstants+Udacity.swift"; sourceTree = "<group>"; };
		085AE0212099428200DBA698 /* HttpClient+Udacity.swift */ = {isa = PBXFileReference; lastKnownFileType = sourcecode.swift; path = "HttpClient+Udacity.swift"; sourceTree = "<group>"; };
		085AE024209945DD00DBA698 /* HttpConstants+Parse.swift */ = {isa = PBXFileReference; lastKnownFileType = sourcecode.swift; path = "HttpConstants+Parse.swift"; sourceTree = "<group>"; };
		085AE0262099976700DBA698 /* HttpErrors.swift */ = {isa = PBXFileReference; lastKnownFileType = sourcecode.swift; path = HttpErrors.swift; sourceTree = "<group>"; };
		085AE0282099A15900DBA698 /* HttpConstants.swift */ = {isa = PBXFileReference; lastKnownFileType = sourcecode.swift; path = HttpConstants.swift; sourceTree = "<group>"; };
		08F5A9E120991E660098946D /* OnTheMap.app */ = {isa = PBXFileReference; explicitFileType = wrapper.application; includeInIndex = 0; path = OnTheMap.app; sourceTree = BUILT_PRODUCTS_DIR; };
		08F5A9E420991E660098946D /* AppDelegate.swift */ = {isa = PBXFileReference; lastKnownFileType = sourcecode.swift; path = AppDelegate.swift; sourceTree = "<group>"; };
		08F5A9E620991E660098946D /* LoginViewController.swift */ = {isa = PBXFileReference; lastKnownFileType = sourcecode.swift; path = LoginViewController.swift; sourceTree = "<group>"; };
		08F5A9E920991E660098946D /* Base */ = {isa = PBXFileReference; lastKnownFileType = file.storyboard; name = Base; path = Base.lproj/Main.storyboard; sourceTree = "<group>"; };
		08F5A9EB20991E670098946D /* Assets.xcassets */ = {isa = PBXFileReference; lastKnownFileType = folder.assetcatalog; path = Assets.xcassets; sourceTree = "<group>"; };
		08F5A9EE20991E670098946D /* Base */ = {isa = PBXFileReference; lastKnownFileType = file.storyboard; name = Base; path = Base.lproj/LaunchScreen.storyboard; sourceTree = "<group>"; };
		08F5A9F020991E670098946D /* Info.plist */ = {isa = PBXFileReference; lastKnownFileType = text.plist.xml; path = Info.plist; sourceTree = "<group>"; };
		08FE279F209A88540099A103 /* UdacityConfig.swift */ = {isa = PBXFileReference; lastKnownFileType = sourcecode.swift; path = UdacityConfig.swift; sourceTree = "<group>"; };
/* End PBXFileReference section */

/* Begin PBXFrameworksBuildPhase section */
		08F5A9DE20991E660098946D /* Frameworks */ = {
			isa = PBXFrameworksBuildPhase;
			buildActionMask = 2147483647;
			files = (
			);
			runOnlyForDeploymentPostprocessing = 0;
		};
/* End PBXFrameworksBuildPhase section */

/* Begin PBXGroup section */
		085AE0172099415A00DBA698 /* Supporting Files */ = {
			isa = PBXGroup;
			children = (
				08F5A9F020991E670098946D /* Info.plist */,
			);
			name = "Supporting Files";
			sourceTree = "<group>";
		};
		085AE018209941A900DBA698 /* Clients */ = {
			isa = PBXGroup;
			children = (
				085AE01A209941C900DBA698 /* shared */,
				085AE019209941B200DBA698 /* udacity */,
				085AE023209945B900DBA698 /* parse */,
			);
			name = Clients;
			sourceTree = "<group>";
		};
		085AE019209941B200DBA698 /* udacity */ = {
			isa = PBXGroup;
			children = (
				085AE0212099428200DBA698 /* HttpClient+Udacity.swift */,
				085AE01D2099420B00DBA698 /* HttpConstants+Udacity.swift */,
				08FE279F209A88540099A103 /* UdacityConfig.swift */,
			);
			name = udacity;
			sourceTree = "<group>";
		};
		085AE01A209941C900DBA698 /* shared */ = {
			isa = PBXGroup;
			children = (
				085AE01B209941EA00DBA698 /* HttpClient.swift */,
				085AE0262099976700DBA698 /* HttpErrors.swift */,
				085AE0282099A15900DBA698 /* HttpConstants.swift */,
			);
			name = shared;
			sourceTree = "<group>";
		};
		085AE023209945B900DBA698 /* parse */ = {
			isa = PBXGroup;
			children = (
				085AE024209945DD00DBA698 /* HttpConstants+Parse.swift */,
			);
			name = parse;
			sourceTree = "<group>";
		};
		08F5A9D820991E660098946D = {
			isa = PBXGroup;
			children = (
				08F5A9E320991E660098946D /* OnTheMap */,
				08F5A9E220991E660098946D /* Products */,
			);
			sourceTree = "<group>";
		};
		08F5A9E220991E660098946D /* Products */ = {
			isa = PBXGroup;
			children = (
				08F5A9E120991E660098946D /* OnTheMap.app */,
			);
			name = Products;
			sourceTree = "<group>";
		};
		08F5A9E320991E660098946D /* OnTheMap */ = {
			isa = PBXGroup;
			children = (
				08F5A9F7209940C20098946D /* Model */,
				08F5A9F9209940CF0098946D /* View */,
				08F5A9FA209940D70098946D /* Controller */,
				085AE0172099415A00DBA698 /* Supporting Files */,
				08F5A9E420991E660098946D /* AppDelegate.swift */,
				08F5A9FB209940E70098946D /* Assets */,
			);
			path = OnTheMap;
			sourceTree = "<group>";
		};
		08F5A9F7209940C20098946D /* Model */ = {
			isa = PBXGroup;
			children = (
				085AE018209941A900DBA698 /* Clients */,
			);
			name = Model;
			sourceTree = "<group>";
		};
		08F5A9F9209940CF0098946D /* View */ = {
			isa = PBXGroup;
			children = (
			);
			name = View;
			sourceTree = "<group>";
		};
		08F5A9FA209940D70098946D /* Controller */ = {
			isa = PBXGroup;
			children = (
				08F5A9E620991E660098946D /* LoginViewController.swift */,
			);
			name = Controller;
			sourceTree = "<group>";
		};
		08F5A9FB209940E70098946D /* Assets */ = {
			isa = PBXGroup;
			children = (
				08F5A9E820991E660098946D /* Main.storyboard */,
				08F5A9EB20991E670098946D /* Assets.xcassets */,
				08F5A9ED20991E670098946D /* LaunchScreen.storyboard */,
			);
			name = Assets;
			sourceTree = "<group>";
		};
/* End PBXGroup section */

/* Begin PBXNativeTarget section */
		08F5A9E020991E660098946D /* OnTheMap */ = {
			isa = PBXNativeTarget;
			buildConfigurationList = 08F5A9F320991E670098946D /* Build configuration list for PBXNativeTarget "OnTheMap" */;
			buildPhases = (
				08F5A9DD20991E660098946D /* Sources */,
				08F5A9DE20991E660098946D /* Frameworks */,
				08F5A9DF20991E660098946D /* Resources */,
			);
			buildRules = (
			);
			dependencies = (
			);
			name = OnTheMap;
			productName = OnTheMap;
			productReference = 08F5A9E120991E660098946D /* OnTheMap.app */;
			productType = "com.apple.product-type.application";
		};
/* End PBXNativeTarget section */

/* Begin PBXProject section */
		08F5A9D920991E660098946D /* Project object */ = {
			isa = PBXProject;
			attributes = {
				LastSwiftUpdateCheck = 0930;
				LastUpgradeCheck = 0930;
				ORGANIZATIONNAME = JayahariV;
				TargetAttributes = {
					08F5A9E020991E660098946D = {
						CreatedOnToolsVersion = 9.3;
					};
				};
			};
			buildConfigurationList = 08F5A9DC20991E660098946D /* Build configuration list for PBXProject "OnTheMap" */;
			compatibilityVersion = "Xcode 9.3";
			developmentRegion = en;
			hasScannedForEncodings = 0;
			knownRegions = (
				en,
				Base,
			);
			mainGroup = 08F5A9D820991E660098946D;
			productRefGroup = 08F5A9E220991E660098946D /* Products */;
			projectDirPath = "";
			projectRoot = "";
			targets = (
				08F5A9E020991E660098946D /* OnTheMap */,
			);
		};
/* End PBXProject section */

/* Begin PBXResourcesBuildPhase section */
		08F5A9DF20991E660098946D /* Resources */ = {
			isa = PBXResourcesBuildPhase;
			buildActionMask = 2147483647;
			files = (
				08F5A9EF20991E670098946D /* LaunchScreen.storyboard in Resources */,
				08F5A9EC20991E670098946D /* Assets.xcassets in Resources */,
				08F5A9EA20991E660098946D /* Main.storyboard in Resources */,
			);
			runOnlyForDeploymentPostprocessing = 0;
		};
/* End PBXResourcesBuildPhase section */

/* Begin PBXSourcesBuildPhase section */
		08F5A9DD20991E660098946D /* Sources */ = {
			isa = PBXSourcesBuildPhase;
			buildActionMask = 2147483647;
			files = (
				085AE0272099976700DBA698 /* HttpErrors.swift in Sources */,
				085AE0292099A15900DBA698 /* HttpConstants.swift in Sources */,
				08FE27A0209A88540099A103 /* UdacityConfig.swift in Sources */,
				08F5A9E720991E660098946D /* LoginViewController.swift in Sources */,
				085AE01E2099420B00DBA698 /* HttpConstants+Udacity.swift in Sources */,
				085AE01C209941EA00DBA698 /* HttpClient.swift in Sources */,
				08F5A9E520991E660098946D /* AppDelegate.swift in Sources */,
				085AE025209945DD00DBA698 /* HttpConstants+Parse.swift in Sources */,
				085AE0222099428200DBA698 /* HttpClient+Udacity.swift in Sources */,
			);
			runOnlyForDeploymentPostprocessing = 0;
		};
/* End PBXSourcesBuildPhase section */

/* Begin PBXVariantGroup section */
		08F5A9E820991E660098946D /* Main.storyboard */ = {
			isa = PBXVariantGroup;
			children = (
				08F5A9E920991E660098946D /* Base */,
			);
			name = Main.storyboard;
			sourceTree = "<group>";
		};
		08F5A9ED20991E670098946D /* LaunchScreen.storyboard */ = {
			isa = PBXVariantGroup;
			children = (
				08F5A9EE20991E670098946D /* Base */,
			);
			name = LaunchScreen.storyboard;
			sourceTree = "<group>";
		};
/* End PBXVariantGroup section */

/* Begin XCBuildConfiguration section */
		08F5A9F120991E670098946D /* Debug */ = {
			isa = XCBuildConfiguration;
			buildSettings = {
				ALWAYS_SEARCH_USER_PATHS = NO;
				CLANG_ANALYZER_NONNULL = YES;
				CLANG_ANALYZER_NUMBER_OBJECT_CONVERSION = YES_AGGRESSIVE;
				CLANG_CXX_LANGUAGE_STANDARD = "gnu++14";
				CLANG_CXX_LIBRARY = "libc++";
				CLANG_ENABLE_MODULES = YES;
				CLANG_ENABLE_OBJC_ARC = YES;
				CLANG_ENABLE_OBJC_WEAK = YES;
				CLANG_WARN_BLOCK_CAPTURE_AUTORELEASING = YES;
				CLANG_WARN_BOOL_CONVERSION = YES;
				CLANG_WARN_COMMA = YES;
				CLANG_WARN_CONSTANT_CONVERSION = YES;
				CLANG_WARN_DEPRECATED_OBJC_IMPLEMENTATIONS = YES;
				CLANG_WARN_DIRECT_OBJC_ISA_USAGE = YES_ERROR;
				CLANG_WARN_DOCUMENTATION_COMMENTS = YES;
				CLANG_WARN_EMPTY_BODY = YES;
				CLANG_WARN_ENUM_CONVERSION = YES;
				CLANG_WARN_INFINITE_RECURSION = YES;
				CLANG_WARN_INT_CONVERSION = YES;
				CLANG_WARN_NON_LITERAL_NULL_CONVERSION = YES;
				CLANG_WARN_OBJC_IMPLICIT_RETAIN_SELF = YES;
				CLANG_WARN_OBJC_LITERAL_CONVERSION = YES;
				CLANG_WARN_OBJC_ROOT_CLASS = YES_ERROR;
				CLANG_WARN_RANGE_LOOP_ANALYSIS = YES;
				CLANG_WARN_STRICT_PROTOTYPES = YES;
				CLANG_WARN_SUSPICIOUS_MOVE = YES;
				CLANG_WARN_UNGUARDED_AVAILABILITY = YES_AGGRESSIVE;
				CLANG_WARN_UNREACHABLE_CODE = YES;
				CLANG_WARN__DUPLICATE_METHOD_MATCH = YES;
				CODE_SIGN_IDENTITY = "iPhone Developer";
				COPY_PHASE_STRIP = NO;
				DEBUG_INFORMATION_FORMAT = dwarf;
				ENABLE_STRICT_OBJC_MSGSEND = YES;
				ENABLE_TESTABILITY = YES;
				GCC_C_LANGUAGE_STANDARD = gnu11;
				GCC_DYNAMIC_NO_PIC = NO;
				GCC_NO_COMMON_BLOCKS = YES;
				GCC_OPTIMIZATION_LEVEL = 0;
				GCC_PREPROCESSOR_DEFINITIONS = (
					"DEBUG=1",
					"$(inherited)",
				);
				GCC_WARN_64_TO_32_BIT_CONVERSION = YES;
				GCC_WARN_ABOUT_RETURN_TYPE = YES_ERROR;
				GCC_WARN_UNDECLARED_SELECTOR = YES;
				GCC_WARN_UNINITIALIZED_AUTOS = YES_AGGRESSIVE;
				GCC_WARN_UNUSED_FUNCTION = YES;
				GCC_WARN_UNUSED_VARIABLE = YES;
				IPHONEOS_DEPLOYMENT_TARGET = 11.3;
				MTL_ENABLE_DEBUG_INFO = YES;
				ONLY_ACTIVE_ARCH = YES;
				SDKROOT = iphoneos;
				SWIFT_ACTIVE_COMPILATION_CONDITIONS = DEBUG;
				SWIFT_OPTIMIZATION_LEVEL = "-Onone";
			};
			name = Debug;
		};
		08F5A9F220991E670098946D /* Release */ = {
			isa = XCBuildConfiguration;
			buildSettings = {
				ALWAYS_SEARCH_USER_PATHS = NO;
				CLANG_ANALYZER_NONNULL = YES;
				CLANG_ANALYZER_NUMBER_OBJECT_CONVERSION = YES_AGGRESSIVE;
				CLANG_CXX_LANGUAGE_STANDARD = "gnu++14";
				CLANG_CXX_LIBRARY = "libc++";
				CLANG_ENABLE_MODULES = YES;
				CLANG_ENABLE_OBJC_ARC = YES;
				CLANG_ENABLE_OBJC_WEAK = YES;
				CLANG_WARN_BLOCK_CAPTURE_AUTORELEASING = YES;
				CLANG_WARN_BOOL_CONVERSION = YES;
				CLANG_WARN_COMMA = YES;
				CLANG_WARN_CONSTANT_CONVERSION = YES;
				CLANG_WARN_DEPRECATED_OBJC_IMPLEMENTATIONS = YES;
				CLANG_WARN_DIRECT_OBJC_ISA_USAGE = YES_ERROR;
				CLANG_WARN_DOCUMENTATION_COMMENTS = YES;
				CLANG_WARN_EMPTY_BODY = YES;
				CLANG_WARN_ENUM_CONVERSION = YES;
				CLANG_WARN_INFINITE_RECURSION = YES;
				CLANG_WARN_INT_CONVERSION = YES;
				CLANG_WARN_NON_LITERAL_NULL_CONVERSION = YES;
				CLANG_WARN_OBJC_IMPLICIT_RETAIN_SELF = YES;
				CLANG_WARN_OBJC_LITERAL_CONVERSION = YES;
				CLANG_WARN_OBJC_ROOT_CLASS = YES_ERROR;
				CLANG_WARN_RANGE_LOOP_ANALYSIS = YES;
				CLANG_WARN_STRICT_PROTOTYPES = YES;
				CLANG_WARN_SUSPICIOUS_MOVE = YES;
				CLANG_WARN_UNGUARDED_AVAILABILITY = YES_AGGRESSIVE;
				CLANG_WARN_UNREACHABLE_CODE = YES;
				CLANG_WARN__DUPLICATE_METHOD_MATCH = YES;
				CODE_SIGN_IDENTITY = "iPhone Developer";
				COPY_PHASE_STRIP = NO;
				DEBUG_INFORMATION_FORMAT = "dwarf-with-dsym";
				ENABLE_NS_ASSERTIONS = NO;
				ENABLE_STRICT_OBJC_MSGSEND = YES;
				GCC_C_LANGUAGE_STANDARD = gnu11;
				GCC_NO_COMMON_BLOCKS = YES;
				GCC_WARN_64_TO_32_BIT_CONVERSION = YES;
				GCC_WARN_ABOUT_RETURN_TYPE = YES_ERROR;
				GCC_WARN_UNDECLARED_SELECTOR = YES;
				GCC_WARN_UNINITIALIZED_AUTOS = YES_AGGRESSIVE;
				GCC_WARN_UNUSED_FUNCTION = YES;
				GCC_WARN_UNUSED_VARIABLE = YES;
				IPHONEOS_DEPLOYMENT_TARGET = 11.3;
				MTL_ENABLE_DEBUG_INFO = NO;
				SDKROOT = iphoneos;
				SWIFT_COMPILATION_MODE = wholemodule;
				SWIFT_OPTIMIZATION_LEVEL = "-O";
				VALIDATE_PRODUCT = YES;
			};
			name = Release;
		};
		08F5A9F420991E670098946D /* Debug */ = {
			isa = XCBuildConfiguration;
			buildSettings = {
				ASSETCATALOG_COMPILER_APPICON_NAME = AppIcon;
				CODE_SIGN_STYLE = Automatic;
				INFOPLIST_FILE = OnTheMap/Info.plist;
				LD_RUNPATH_SEARCH_PATHS = (
					"$(inherited)",
					"@executable_path/Frameworks",
				);
				PRODUCT_BUNDLE_IDENTIFIER = com.jayahariv.OnTheMap;
				PRODUCT_NAME = "$(TARGET_NAME)";
				SWIFT_VERSION = 4.0;
				TARGETED_DEVICE_FAMILY = "1,2";
			};
			name = Debug;
		};
		08F5A9F520991E670098946D /* Release */ = {
			isa = XCBuildConfiguration;
			buildSettings = {
				ASSETCATALOG_COMPILER_APPICON_NAME = AppIcon;
				CODE_SIGN_STYLE = Automatic;
				INFOPLIST_FILE = OnTheMap/Info.plist;
				LD_RUNPATH_SEARCH_PATHS = (
					"$(inherited)",
					"@executable_path/Frameworks",
				);
				PRODUCT_BUNDLE_IDENTIFIER = com.jayahariv.OnTheMap;
				PRODUCT_NAME = "$(TARGET_NAME)";
				SWIFT_VERSION = 4.0;
				TARGETED_DEVICE_FAMILY = "1,2";
			};
			name = Release;
		};
/* End XCBuildConfiguration section */

/* Begin XCConfigurationList section */
		08F5A9DC20991E660098946D /* Build configuration list for PBXProject "OnTheMap" */ = {
			isa = XCConfigurationList;
			buildConfigurations = (
				08F5A9F120991E670098946D /* Debug */,
				08F5A9F220991E670098946D /* Release */,
			);
			defaultConfigurationIsVisible = 0;
			defaultConfigurationName = Release;
		};
		08F5A9F320991E670098946D /* Build configuration list for PBXNativeTarget "OnTheMap" */ = {
			isa = XCConfigurationList;
			buildConfigurations = (
				08F5A9F420991E670098946D /* Debug */,
				08F5A9F520991E670098946D /* Release */,
			);
			defaultConfigurationIsVisible = 0;
			defaultConfigurationName = Release;
		};
/* End XCConfigurationList section */
	};
	rootObject = 08F5A9D920991E660098946D /* Project object */;
}
